
Microsoft Visual Studio Solution File, Format Version 12.00
# Visual Studio Version 16
VisualStudioVersion = 16.0.28922.388
MinimumVisualStudioVersion = 10.0.40219.1
Project("{FAE04EC0-301F-11D3-BF4B-00C04F79EFBC}") = "hrmsApplication", "hrmsApplication\hrmsApplication.csproj", "{8B772B53-5BD8-46E9-B1A5-BE1A11CC5E71}"
EndProject
Global
	GlobalSection(SolutionConfigurationPlatforms) = preSolution
		Debug|Any CPU = Debug|Any CPU
		Release|Any CPU = Release|Any CPU
	EndGlobalSection
	GlobalSection(ProjectConfigurationPlatforms) = postSolution
		{8B772B53-5BD8-46E9-B1A5-BE1A11CC5E71}.Debug|Any CPU.ActiveCfg = Debug|Any CPU
		{8B772B53-5BD8-46E9-B1A5-BE1A11CC5E71}.Debug|Any CPU.Build.0 = Debug|Any CPU
		{8B772B53-5BD8-46E9-B1A5-BE1A11CC5E71}.Release|Any CPU.ActiveCfg = Release|Any CPU
		{8B772B53-5BD8-46E9-B1A5-BE1A11CC5E71}.Release|Any CPU.Build.0 = Release|Any CPU
	EndGlobalSection
	GlobalSection(SolutionProperties) = preSolution
		HideSolutionNode = FALSE
	EndGlobalSection
	GlobalSection(ExtensibilityGlobals) = postSolution
		SolutionGuid = {60821B2A-AFE9-4975-BB05-713EF66CBA85}
	EndGlobalSection
EndGlobal
